
Microsoft Visual Studio Solution File, Format Version 12.00
# Visual Studio Version 17
VisualStudioVersion = 17.10.35013.160
MinimumVisualStudioVersion = 10.0.40219.1
Project("{FAE04EC0-301F-11D3-BF4B-00C04F79EFBC}") = "Employees", "Employees.csproj", "{1ACFAC0B-304E-43C2-9CFF-EAF09C7CD72E}"
EndProject
Global
	GlobalSection(SolutionConfigurationPlatforms) = preSolution
		Debug|Any CPU = Debug|Any CPU
		Release|Any CPU = Release|Any CPU
	EndGlobalSection
	GlobalSection(ProjectConfigurationPlatforms) = postSolution
		{1ACFAC0B-304E-43C2-9CFF-EAF09C7CD72E}.Debug|Any CPU.ActiveCfg = Debug|Any CPU
		{1ACFAC0B-304E-43C2-9CFF-EAF09C7CD72E}.Debug|Any CPU.Build.0 = Debug|Any CPU
		{1ACFAC0B-304E-43C2-9CFF-EAF09C7CD72E}.Release|Any CPU.ActiveCfg = Release|Any CPU
		{1ACFAC0B-304E-43C2-9CFF-EAF09C7CD72E}.Release|Any CPU.Build.0 = Release|Any CPU
	EndGlobalSection
	GlobalSection(SolutionProperties) = preSolution
		HideSolutionNode = FALSE
	EndGlobalSection
	GlobalSection(ExtensibilityGlobals) = postSolution
		SolutionGuid = {85638D1D-39D4-436B-A48B-A71019719E3C}
	EndGlobalSection
EndGlobal
